
Microsoft Visual Studio Solution File, Format Version 12.00
# Visual Studio Version 17
VisualStudioVersion = 17.2.32630.192
MinimumVisualStudioVersion = 10.0.40219.1
Project("{9A19103F-16F7-4668-BE54-9A1E7A4F7556}") = "WorkForceManagement", "WorkForceManagement\WorkForceManagement.csproj", "{30FCB98D-8EA1-4B46-8C15-B175EC178205}"
EndProject
Global
	GlobalSection(SolutionConfigurationPlatforms) = preSolution
		Debug|Any CPU = Debug|Any CPU
		Release|Any CPU = Release|Any CPU
	EndGlobalSection
	GlobalSection(ProjectConfigurationPlatforms) = postSolution
		{30FCB98D-8EA1-4B46-8C15-B175EC178205}.Debug|Any CPU.ActiveCfg = Debug|Any CPU
		{30FCB98D-8EA1-4B46-8C15-B175EC178205}.Debug|Any CPU.Build.0 = Debug|Any CPU
		{30FCB98D-8EA1-4B46-8C15-B175EC178205}.Release|Any CPU.ActiveCfg = Release|Any CPU
		{30FCB98D-8EA1-4B46-8C15-B175EC178205}.Release|Any CPU.Build.0 = Release|Any CPU
	EndGlobalSection
	GlobalSection(SolutionProperties) = preSolution
		HideSolutionNode = FALSE
	EndGlobalSection
	GlobalSection(ExtensibilityGlobals) = postSolution
		SolutionGuid = {BA8917A7-FCA8-49AF-A9BF-C450FBAE4F1C}
	EndGlobalSection
EndGlobal
